[[package]]
name = "future-typing"
version = "0.4.1"
description = "Use generic type hints and new union syntax `|` with python 3.6+"
category = "main"
optional = false
python-versions = ">=3.6"

[package.extras]
dev = ["pre-commit (==2.12.1)"]
test = ["black (==21.5b1)", "flake8 (==3.9.2)", "isort (==5.8.0)", "mypy (==0.812)", "pytest (==6.2.4)", "pytest-cov (==2.11.1)", "typing-extensions (==3.10.0.0)"]

[[package]]
name = "inflection"
version = "0.5.1"
description = "A port of Ruby on Rails inflector to Python"
category = "main"
optional = false
python-versions = ">=3.5"

[[package]]
name = "pendulum"
version = "2.1.2"
description = "Python datetimes made easy"
category = "main"
optional = false
python-versions = ">=2.7, !=3.0.*, !=3.1.*, !=3.2.*, !=3.3.*, !=3.4.*"

[package.dependencies]
python-dateutil = ">=2.6,<3.0"
pytzdata = ">=2020.1"

[[package]]
name = "psycopg"
version = "3.1.4"
description = "PostgreSQL database adapter for Python"
category = "main"
optional = false
python-versions = ">=3.7"

[package.dependencies]
psycopg-binary = {version = "3.1.4", optional = true, markers = "extra == \"binary\""}
tzdata = {version = "*", markers = "sys_platform == \"win32\""}

[package.extras]
binary = ["psycopg-binary (==3.1.4)"]
c = ["psycopg-c (==3.1.4)"]
dev = ["black (>=22.3.0)", "dnspython (>=2.1)", "flake8 (>=4.0)", "mypy (>=0.981)", "types-setuptools (>=57.4)", "wheel (>=0.37)"]
docs = ["Sphinx (>=5.0)", "furo (==2022.6.21)", "sphinx-autobuild (>=2021.3.14)", "sphinx-autodoc-typehints (>=1.12)"]
pool = ["psycopg-pool"]
test = ["mypy (>=0.981)", "pproxy (>=2.7)", "pytest (>=6.2.5)", "pytest-asyncio (>=0.17)", "pytest-cov (>=3.0)", "pytest-randomly (>=3.10)"]

[[package]]
name = "psycopg-binary"
version = "3.1.4"
description = "PostgreSQL database adapter for Python -- C optimisation distribution"
category = "main"
optional = false
python-versions = ">=3.7"

[[package]]
name = "pypika"
version = "0.48.9"
description = "A SQL query builder API for Python"
category = "main"
optional = false
python-versions = "*"

[[package]]
name = "python-dateutil"
version = "2.8.2"
description = "Extensions to the standard Python datetime module"
category = "main"
optional = false
python-versions = "!=3.0.*,!=3.1.*,!=3.2.*,>=2.7"

[package.dependencies]
six = ">=1.5"

[[package]]
name = "pytzdata"
version = "2020.1"
description = "The Olson timezone database for Python."
category = "main"
optional = false
python-versions = ">=2.7, !=3.0.*, !=3.1.*, !=3.2.*, !=3.3.*"

[[package]]
name = "six"
version = "1.16.0"
description = "Python 2 and 3 compatibility utilities"
category = "main"
optional = false
python-versions = ">=2.7, !=3.0.*, !=3.1.*, !=3.2.*"

[[package]]
name = "sqlparse"
version = "0.4.3"
description = "A non-validating SQL parser."
category = "main"
optional = false
python-versions = ">=3.5"

[[package]]
name = "typical"
version = "2.8.0"
description = "Typical: Python's Typing Toolkit."
category = "main"
optional = false
python-versions = ">=3.7,<4.0"

[package.dependencies]
future-typing = ">=0.4.1,<0.5.0"
inflection = ">=0.5,<0.6"
pendulum = ">=2.1,<3.0"

[package.extras]
benchmarks = ["django (>=2.2,<3.0)", "djangorestframework (>=3.10,<4.0)", "marshmallow (>=3.2,<4.0)", "pydantic[email] (>=1.0,<2.0)", "pytest-benchmark[histogram] (>=3.2,<4.0)", "sqlalchemy (>=1.3.13,<2.0.0)", "toastedmarshmallow (>=2.15,<3.0)"]
docs = ["mkdocs (>=1.1,<2.0)", "mkdocs-awesome-pages-plugin (>=2.2.1,<3.0.0)", "mkdocs-material (>=8,<9)", "pymdown-extensions (>=9.0,<10.0)"]
json = ["ujson (>=2.0)"]
lint = ["black (>=21,<22)", "flake8 (>=3.7.9,<4.0.0)", "mypy (>=0.910,<0.911)", "types-python-dateutil", "types-setuptools", "types-toml", "types-typed-ast", "types-ujson"]
schema = ["fastjsonschema (>=2.14,<3.0)"]
tests = ["fastjsonschema (>=2.14,<3.0)", "mypy (>=0.910,<0.911)", "orjson (>=3.6.3,<4.0.0)", "pandas (>=1.1.3,<2.0.0)", "pydantic[email] (>=1.0,<2.0)", "pytest (>=6.2,<7.0)", "pytest-cov (>=2.8,<3.0)", "sqlalchemy (>=1.3.13,<2.0.0)", "ujson (>=2.0)"]

[[package]]
name = "tzdata"
version = "2022.7"
description = "Provider of IANA time zone data"
category = "main"
optional = false
python-versions = ">=2"

[[package]]
name = "yesql"
version = "0.1.1"
description = "YeSQL is a SQL-first data manipulation library that will replace your ORM."
category = "main"
optional = false
python-versions = ">=3.8,<4.0"

[package.dependencies]
PyPika = ">=0.48.0,<0.49.0"
sqlparse = ">=0.4.2,<0.5.0"
typical = ">=2.8,<3.0"

[package.extras]
asyncpg = ["asyncpg (>=0.25.0,<0.26.0)", "orjson (>=3.5.1,<4.0.0)"]
docs = ["mkdocs (>=1.2.2,<2.0.0)", "mkdocs-awesome-pages-plugin (>=2.5.0,<3.0.0)", "mkdocs-material (>=8.0,<9.0)"]
lint = ["black (>=22,<23)", "flake8 (>=3.9.2,<4.0.0)", "mypy (>=0.910,<0.911)", "types-orjson (>=0.1.1,<0.2.0)"]
psycopg = ["orjson (>=3.5.1,<4.0.0)", "psycopg[binary,pool] (>=3.0,<4.0)"]
tests = ["asyncpg (>=0.25.0,<0.26.0)", "factory-boy (>=3.2.1,<4.0.0)", "orjson (>=3.5.1,<4.0.0)", "psycopg[binary,pool] (>=3.0,<4.0)", "pytest (>=6.2.4,<7.0.0)", "pytest-asyncio (>=0.15.1,<0.16.0)", "pytest-benchmark (>=3.4.1,<4.0.0)", "pytest-cov (>=3.0,<4.0)"]

[metadata]
lock-version = "1.1"
python-versions = "^3.11"
content-hash = "75c3776f263642f5753c03aff0a581e00e95ecbbd99f8185dd01848e4780d939"

[metadata.files]
future-typing = [
    {file = "future_typing-0.4.1-py3-none-any.whl", hash = "sha256:af19e06b7fe6fdfb8d83c265a2688cba9ac74b0a6a2dac14c268910ecd14ac8d"},
    {file = "future_typing-0.4.1.tar.gz", hash = "sha256:65fdc5034a95db212790fee5e977fb0a2df8deb60dccf3bac17d6d2b1a9bbacd"},
]
inflection = [
    {file = "inflection-0.5.1-py2.py3-none-any.whl", hash = "sha256:f38b2b640938a4f35ade69ac3d053042959b62a0f1076a5bbaa1b9526605a8a2"},
    {file = "inflection-0.5.1.tar.gz", hash = "sha256:1a29730d366e996aaacffb2f1f1cb9593dc38e2ddd30c91250c6dde09ea9b417"},
]
pendulum = [
    {file = "pendulum-2.1.2-cp27-cp27m-macosx_10_15_x86_64.whl", hash = "sha256:b6c352f4bd32dff1ea7066bd31ad0f71f8d8100b9ff709fb343f3b86cee43efe"},
    {file = "pendulum-2.1.2-cp27-cp27m-win_amd64.whl", hash = "sha256:318f72f62e8e23cd6660dbafe1e346950281a9aed144b5c596b2ddabc1d19739"},
    {file = "pendulum-2.1.2-cp35-cp35m-macosx_10_15_x86_64.whl", hash = "sha256:0731f0c661a3cb779d398803655494893c9f581f6488048b3fb629c2342b5394"},
    {file = "pendulum-2.1.2-cp35-cp35m-manylinux1_i686.whl", hash = "sha256:3481fad1dc3f6f6738bd575a951d3c15d4b4ce7c82dce37cf8ac1483fde6e8b0"},
    {file = "pendulum-2.1.2-cp35-cp35m-manylinux1_x86_64.whl", hash = "sha256:9702069c694306297ed362ce7e3c1ef8404ac8ede39f9b28b7c1a7ad8c3959e3"},
    {file = "pendulum-2.1.2-cp35-cp35m-win_amd64.whl", hash = "sha256:fb53ffa0085002ddd43b6ca61a7b34f2d4d7c3ed66f931fe599e1a531b42af9b"},
    {file = "pendulum-2.1.2-cp36-cp36m-macosx_10_15_x86_64.whl", hash = "sha256:c501749fdd3d6f9e726086bf0cd4437281ed47e7bca132ddb522f86a1645d360"},
    {file = "pendulum-2.1.2-cp36-cp36m-manylinux1_i686.whl", hash = "sha256:c807a578a532eeb226150d5006f156632df2cc8c5693d778324b43ff8c515dd0"},
    {file = "pendulum-2.1.2-cp36-cp36m-manylinux1_x86_64.whl", hash = "sha256:2d1619a721df661e506eff8db8614016f0720ac171fe80dda1333ee44e684087"},
    {file = "pendulum-2.1.2-cp36-cp36m-win_amd64.whl", hash = "sha256:f888f2d2909a414680a29ae74d0592758f2b9fcdee3549887779cd4055e975db"},
    {file = "pendulum-2.1.2-cp37-cp37m-macosx_10_15_x86_64.whl", hash = "sha256:e95d329384717c7bf627bf27e204bc3b15c8238fa8d9d9781d93712776c14002"},
    {file = "pendulum-2.1.2-cp37-cp37m-manylinux1_i686.whl", hash = "sha256:4c9c689747f39d0d02a9f94fcee737b34a5773803a64a5fdb046ee9cac7442c5"},
    {file = "pendulum-2.1.2-cp37-cp37m-manylinux1_x86_64.whl", hash = "sha256:1245cd0075a3c6d889f581f6325dd8404aca5884dea7223a5566c38aab94642b"},
    {file = "pendulum-2.1.2-cp37-cp37m-win_amd64.whl", hash = "sha256:db0a40d8bcd27b4fb46676e8eb3c732c67a5a5e6bfab8927028224fbced0b40b"},
    {file = "pendulum-2.1.2-cp38-cp38-macosx_10_15_x86_64.whl", hash = "sha256:f5e236e7730cab1644e1b87aca3d2ff3e375a608542e90fe25685dae46310116"},
    {file = "pendulum-2.1.2-cp38-cp38-manylinux1_i686.whl", hash = "sha256:de42ea3e2943171a9e95141f2eecf972480636e8e484ccffaf1e833929e9e052"},
    {file = "pendulum-2.1.2-cp38-cp38-manylinux1_x86_64.whl", hash = "sha256:7c5ec650cb4bec4c63a89a0242cc8c3cebcec92fcfe937c417ba18277d8560be"},
    {file = "pendulum-2.1.2-cp38-cp38-win_amd64.whl", hash = "sha256:33fb61601083f3eb1d15edeb45274f73c63b3c44a8524703dc143f4212bf3269"},
    {file = "pendulum-2.1.2-cp39-cp39-manylinux1_i686.whl", hash = "sha256:29c40a6f2942376185728c9a0347d7c0f07905638c83007e1d262781f1e6953a"},
    {file = "pendulum-2.1.2-cp39-cp39-manylinux1_x86_64.whl", hash = "sha256:94b1fc947bfe38579b28e1cccb36f7e28a15e841f30384b5ad6c5e31055c85d7"},
    {file = "pendulum-2.1.2.tar.gz", hash = "sha256:b06a0ca1bfe41c990bbf0c029f0b6501a7f2ec4e38bfec730712015e8860f207"},
]
psycopg = [
    {file = "psycopg-3.1.4-py3-none-any.whl", hash = "sha256:aba61f12b11936cb25ec7bdf2d222d1ec36e4541ddc41f774ca763e0c50dd06f"},
    {file = "psycopg-3.1.4.tar.gz", hash = "sha256:6874dbaba583cc6663437604bf45f7c244b5fd702f88af6211cd5a74e8ee3a8a"},
]
psycopg-binary = [
    {file = "psycopg_binary-3.1.4-cp310-cp310-macosx_10_9_x86_64.whl", hash = "sha256:d59066c73aa23fb2962aa071d3ec2acf8f67a6f64557d0064d88337ef7c8f718"},
    {file = "psycopg_binary-3.1.4-cp310-cp310-macosx_11_0_arm64.whl", hash = "sha256:98a215c5f61456dd3d64f0e128231601ad8d9e5e3c375459cfb00a2436442ec6"},
    {file = "psycopg_binary-3.1.4-cp310-cp310-manylinux_2_17_aarch64.manylinux2014_aarch64.whl", hash = "sha256:135411321c7d4afb86186469ee5f94e015dea528e928d5facc3f56fd0708930a"},
    {file = "psycopg_binary-3.1.4-cp310-cp310-manylinux_2_17_i686.manylinux2014_i686.whl", hash = "sha256:556b51a3fbe23da73fdb5e395c10a8bab1ff0cff0c79c8d976e9bb251eae4099"},
    {file = "psycopg_binary-3.1.4-cp310-cp310-manylinux_2_17_ppc64le.manylinux2014_ppc64le.whl", hash = "sha256:4a8958e44615e104b2b613792b0dcbc82cdc26cd9e2544f97c12c3b6b59b509f"},
    {file = "psycopg_binary-3.1.4-cp310-cp310-manylinux_2_17_x86_64.manylinux2014_x86_64.whl", hash = "sha256:180b0a044133f58e4762804121e2230af048f627ef93def47536db4f7f2f3deb"},
    {file = "psycopg_binary-3.1.4-cp310-cp310-musllinux_1_1_aarch64.whl", hash = "sha256:3f34a754febf4e4d1031b359cd715bc2e7bb9525537addf185f4487e66bc408e"},
    {file = "psycopg_binary-3.1.4-cp310-cp310-musllinux_1_1_i686.whl", hash = "sha256:2aa0030420191291e892d20d0bd28bc70bc296a1a0b43ec588bb729d336df6cf"},
    {file = "psycopg_binary-3.1.4-cp310-cp310-musllinux_1_1_ppc64le.whl", hash = "sha256:b3a61a05196a2e9419c3c025e33e91fea0e94087850d8d130ae98a08257a1401"},
    {file = "psycopg_binary-3.1.4-cp310-cp310-musllinux_1_1_x86_64.whl", hash = "sha256:3be3e13394f355369506070ee0d051aa384cf1ce95756dc566fda641eee35366"},
    {file = "psycopg_binary-3.1.4-cp310-cp310-win_amd64.whl", hash = "sha256:47941112391b35ecf4647476d81da21b929a6b2884eb4935560ec3e952b963d8"},
    {file = "psycopg_binary-3.1.4-cp311-cp311-macosx_10_9_x86_64.whl", hash = "sha256:e91ef5ffaa5d279d4c8ac1c0ad435a5aa07db7fb159f9de69532abcfb8475d73"},
    {file = "psycopg_binary-3.1.4-cp311-cp311-macosx_11_0_arm64.whl", hash = "sha256:4526e5e5ae816a4dd91c38d8806531fd25cc194cb0e3013cefc5cb5527d121d8"},
    {file = "psycopg_binary-3.1.4-cp311-cp311-manylinux_2_17_aarch64.manylinux2014_aarch64.whl", hash = "sha256:0d772bfcd90eb3ed0938f499b9f851b39da0a167067920852ccda4a94b3968c6"},
    {file = "psycopg_binary-3.1.4-cp311-cp311-manylinux_2_17_i686.manylinux2014_i686.whl", hash = "sha256:585ccdfae2e22d031bd77b5f481c23d7246dcb75bb9acd04ab1cfb0a4bfca4d4"},
    {file = "psycopg_binary-3.1.4-cp311-cp311-manylinux_2_17_ppc64le.manylinux2014_ppc64le.whl", hash = "sha256:1dac09b3e12b56c0eb28b77a07c8d8f4b04d72b4055c543c47fd9f589261c40f"},
    {file = "psycopg_binary-3.1.4-cp311-cp311-manylinux_2_17_x86_64.manylinux2014_x86_64.whl", hash = "sha256:e478ef5ea7b21b1383132001ff8a6a0776d2b43a12e8d4a7b77e2f510c994c65"},
    {file = "psycopg_binary-3.1.4-cp311-cp311-musllinux_1_1_aarch64.whl", hash = "sha256:4a9ef8af564d5126433c2d3c0913d2084f49ace343bb9a8f8a34a1a97f77cdd0"},
    {file = "psycopg_binary-3.1.4-cp311-cp311-musllinux_1_1_i686.whl", hash = "sha256:90e1b3514b0ed8bf07f3a7072f1a85c61eaf483c7385a0669d51044c6cd500e5"},
    {file = "psycopg_binary-3.1.4-cp311-cp311-musllinux_1_1_ppc64le.whl", hash = "sha256:33dca0656a17792d9335f079d743452c50f0b21173d2132c33ffd89a03be2912"},
    {file = "psycopg_binary-3.1.4-cp311-cp311-musllinux_1_1_x86_64.whl", hash = "sha256:84d85271cdfec03110bfdf6528fed3a3a0d487187127fd3d11721db575f92364"},
    {file = "psycopg_binary-3.1.4-cp311-cp311-win_amd64.whl", hash = "sha256:23adcfe0fb690dbefdb38a8c5acec446a43ba8185075c415d9d99a2922b454b0"},
    {file = "psycopg_binary-3.1.4-cp37-cp37m-macosx_10_9_x86_64.whl", hash = "sha256:40f1ed126d0c07cf8357bf1494eb0ad50c68e7ce056c1b336ce4e97b5ec6fd13"},
    {file = "psycopg_binary-3.1.4-cp37-cp37m-manylinux_2_17_aarch64.manylinux2014_aarch64.whl", hash = "sha256:18173b050fb0ef7753a9ebf9f8e3092af63baa294e1dc0b1210921117770f75f"},
    {file = "psycopg_binary-3.1.4-cp37-cp37m-manylinux_2_17_i686.manylinux2014_i686.whl", hash = "sha256:6540c339cf19cd4ce5d436b85fb7efd06712a53f2612f17b86789bb311f72fda"},
    {file = "psycopg_binary-3.1.4-cp37-cp37m-manylinux_2_17_ppc64le.manylinux2014_ppc64le.whl", hash = "sha256:685495ceb7e04f0e8a4f0834810e9e8d8febc78101c70b468ba0c3292a05176b"},
    {file = "psycopg_binary-3.1.4-cp37-cp37m-manylinux_2_17_x86_64.manylinux2014_x86_64.whl", hash = "sha256:07b635712f7bd16161aa67c567340fb5f1cd03d8319b717627a2ce669710dd11"},
    {file = "psycopg_binary-3.1.4-cp37-cp37m-musllinux_1_1_aarch64.whl", hash = "sha256:aab0cce0034323bebdc120cd3ab1270cb6dc6cf27b1a6a52100e4ecf787ff0b6"},
    {file = "psycopg_binary-3.1.4-cp37-cp37m-musllinux_1_1_i686.whl", hash = "sha256:640acbb2ab8272bc44a2f182dfd93fe5d7b23bb134d97bcb23167d8fc2c26310"},
    {file = "psycopg_binary-3.1.4-cp37-cp37m-musllinux_1_1_ppc64le.whl", hash = "sha256:e63bbbd49943830cb3e06f8eb36e0b91613cd397eeb2a171b46a663900cc1f8f"},
    {file = "psycopg_binary-3.1.4-cp37-cp37m-musllinux_1_1_x86_64.whl", hash = "sha256:70afeb6157bf55d58f22b0b8ef517ca5c62c965a78c5555ec585fc0b8cf5077b"},
    {file = "psycopg_binary-3.1.4-cp37-cp37m-win_amd64.whl", hash = "sha256:cd9b90d56000b62f16d202a755bed9ac36b3a2c7b853bad19c702250ccbbf2ea"},
    {file = "psycopg_binary-3.1.4-cp38-cp38-macosx_10_9_x86_64.whl", hash = "sha256:206cdad5c0a3418a68a374eeb73103ecc84de845e8ad2ff05eb8e4d7229e215a"},
    {file = "psycopg_binary-3.1.4-cp38-cp38-macosx_11_0_arm64.whl", hash = "sha256:0cd3af8b6cb8178c7220c2a7e1384d1065d613f564e84baebbd675531ee167d2"},
    {file = "psycopg_binary-3.1.4-cp38-cp38-manylinux_2_17_aarch64.manylinux2014_aarch64.whl", hash = "sha256:c3d980f582654d7e07fa67f747b855c84957ad2ab9d911d5e90a1a2a5e79a129"},
    {file = "psycopg_binary-3.1.4-cp38-cp38-manylinux_2_17_i686.manylinux2014_i686.whl", hash = "sha256:5ab1fab06d93a7e4393385fa26f9ab4fe00ad0f32cc817eb5f11e73f9b05b5c7"},
    {file = "psycopg_binary-3.1.4-cp38-cp38-manylinux_2_17_ppc64le.manylinux2014_ppc64le.whl", hash = "sha256:d9711efb01b23b0dc66178358c5ed3da479facdedecbfb55294505c6da99c942"},
    {file = "psycopg_binary-3.1.4-cp38-cp38-manylinux_2_17_x86_64.manylinux2014_x86_64.whl", hash = "sha256:b11f52e306dad28c3d15f27b9064c98de09e2fecb7378164babd4a0ce9dc5505"},
    {file = "psycopg_binary-3.1.4-cp38-cp38-musllinux_1_1_aarch64.whl", hash = "sha256:95e071377a2e976f4ab1dee83df4c6c38b38f2b49f7066075b2cddb061f6fb0c"},
    {file = "psycopg_binary-3.1.4-cp38-cp38-musllinux_1_1_i686.whl", hash = "sha256:8c59042f1b40cfbb004a22cf66285f12207e83a3578285ebd145e341cb2b6d46"},
    {file = "psycopg_binary-3.1.4-cp38-cp38-musllinux_1_1_ppc64le.whl", hash = "sha256:b4bd08b809825baa45870412a17dd947f51353bbf61ae5bfde652843d8b8bed8"},
    {file = "psycopg_binary-3.1.4-cp38-cp38-musllinux_1_1_x86_64.whl", hash = "sha256:44e562dcf76b9dfc3b4ad6db0fca8d1e118c80da0ebb1446e7e9cf449b02f8b5"},
    {file = "psycopg_binary-3.1.4-cp38-cp38-win_amd64.whl", hash = "sha256:bab49d2e5bfd8903dbba33adc5fa50000103bbcf04c6b8186f993c6173935569"},
    {file = "psycopg_binary-3.1.4-cp39-cp39-macosx_10_9_x86_64.whl", hash = "sha256:a8db1d739456706765d93b0a0d6c6c7d355408c13db1d947918bdc821f1322ce"},
    {file = "psycopg_binary-3.1.4-cp39-cp39-macosx_11_0_arm64.whl", hash = "sha256:d7049e48d75be4319193ca48db019d82c929cb8e59ba3cd09efc11992eac0a5e"},
    {file = "psycopg_binary-3.1.4-cp39-cp39-manylinux_2_17_aarch64.manylinux2014_aarch64.whl", hash = "sha256:6359525bf22fa148ba56d34f16d9ddbfb932fbfe3ed02f734c32c4acf12397db"},
    {file = "psycopg_binary-3.1.4-cp39-cp39-manylinux_2_17_i686.manylinux2014_i686.whl", hash = "sha256:b4d2660cb4eb082216853a923118a27dfc968c7b0716854fd31a3bee9e0385be"},
    {file = "psycopg_binary-3.1.4-cp39-cp39-manylinux_2_17_ppc64le.manylinux2014_ppc64le.whl", hash = "sha256:3d361406c95b248f58820d16d4ad2ca2822e035f24b8f1c5c8383a92ea53e75e"},
    {file = "psycopg_binary-3.1.4-cp39-cp39-manylinux_2_17_x86_64.manylinux2014_x86_64.whl", hash = "sha256:b96b98651fba3e2635799801ae388af81c3c4ac5111eca24eae09d19d48f33a3"},
    {file = "psycopg_binary-3.1.4-cp39-cp39-musllinux_1_1_aarch64.whl", hash = "sha256:27d0e92e76e3ce05fde831399b916274b2086f93cc1e417fd44889e73667083b"},
    {file = "psycopg_binary-3.1.4-cp39-cp39-musllinux_1_1_i686.whl", hash = "sha256:643680dff3bb3eba56bd82269a9d1af609287607375e921091dc790854ed4c53"},
    {file = "psycopg_binary-3.1.4-cp39-cp39-musllinux_1_1_ppc64le.whl", hash = "sha256:9a716ee67f11922d3a6f6eee9c3f4e26853cf1fd2da0808c84f1eeb2b2783e69"},
    {file = "psycopg_binary-3.1.4-cp39-cp39-musllinux_1_1_x86_64.whl", hash = "sha256:61d51110153230c6c4cfd45facde82ffa5f3a83bf72564b06d761bd66a3e31d6"},
    {file = "psycopg_binary-3.1.4-cp39-cp39-win_amd64.whl", hash = "sha256:86bf10ed317523a88f361a8d9543bf4459ed93d5af7acc7b534b5c37f1ea1929"},
]
pypika = [
    {file = "PyPika-0.48.9.tar.gz", hash = "sha256:838836a61747e7c8380cd1b7ff638694b7a7335345d0f559b04b2cd832ad5378"},
]
python-dateutil = [
    {file = "python-dateutil-2.8.2.tar.gz", hash = "sha256:0123cacc1627ae19ddf3c27a5de5bd67ee4586fbdd6440d9748f8abb483d3e86"},
    {file = "python_dateutil-2.8.2-py2.py3-none-any.whl", hash = "sha256:961d03dc3453ebbc59dbdea9e4e11c5651520a876d0f4db161e8674aae935da9"},
]
pytzdata = [
    {file = "pytzdata-2020.1-py2.py3-none-any.whl", hash = "sha256:e1e14750bcf95016381e4d472bad004eef710f2d6417240904070b3d6654485f"},
    {file = "pytzdata-2020.1.tar.gz", hash = "sha256:3efa13b335a00a8de1d345ae41ec78dd11c9f8807f522d39850f2dd828681540"},
]
six = [
    {file = "six-1.16.0-py2.py3-none-any.whl", hash = "sha256:8abb2f1d86890a2dfb989f9a77cfcfd3e47c2a354b01111771326f8aa26e0254"},
    {file = "six-1.16.0.tar.gz", hash = "sha256:1e61c37477a1626458e36f7b1d82aa5c9b094fa4802892072e49de9c60c4c926"},
]
sqlparse = [
    {file = "sqlparse-0.4.3-py3-none-any.whl", hash = "sha256:0323c0ec29cd52bceabc1b4d9d579e311f3e4961b98d174201d5622a23b85e34"},
    {file = "sqlparse-0.4.3.tar.gz", hash = "sha256:69ca804846bb114d2ec380e4360a8a340db83f0ccf3afceeb1404df028f57268"},
]
typical = [
    {file = "typical-2.8.0-py3-none-any.whl", hash = "sha256:c900fd41046039cd4039f993cb2ffbdb37d1a686b8e6c94c8c370cf7dafd38fe"},
    {file = "typical-2.8.0.tar.gz", hash = "sha256:9fc83f451ae939f63f7e3b27c1dfc384d174c932a170e58484effd1cdbddc499"},
]
tzdata = [
    {file = "tzdata-2022.7-py2.py3-none-any.whl", hash = "sha256:2b88858b0e3120792a3c0635c23daf36a7d7eeeca657c323da299d2094402a0d"},
    {file = "tzdata-2022.7.tar.gz", hash = "sha256:fe5f866eddd8b96e9fcba978f8e503c909b19ea7efda11e52e39494bad3a7bfa"},
]
yesql = [
    {file = "yesql-0.1.1-py3-none-any.whl", hash = "sha256:d463530a45b14701917e6760f87bccc7cd5f51a6be237a9f5e8cfad2aed2ccb1"},
    {file = "yesql-0.1.1.tar.gz", hash = "sha256:e84fccaac6321253fc082164060c15ae1287d754e0327796e7e3667bd11647ce"},
]
